// !$*UTF8*$!
{
	archiveVersion = 1;
	classes = {
	};
	objectVersion = 56;
	objects = {

/* Begin PBXBuildFile section */
		020A19C92AFA903800C6FC9D /* RegistrationView.swift in Sources */ = {isa = PBXBuildFile; fileRef = 020A19C82AFA903800C6FC9D /* RegistrationView.swift */; };
		020A19CB2AFA930200C6FC9D /* ProfileView.swift in Sources */ = {isa = PBXBuildFile; fileRef = 020A19CA2AFA930200C6FC9D /* ProfileView.swift */; };
		020A19CD2AFA958400C6FC9D /* SettingsRowView.swift in Sources */ = {isa = PBXBuildFile; fileRef = 020A19CC2AFA958400C6FC9D /* SettingsRowView.swift */; };
		020A19CF2AFA992600C6FC9D /* User.swift in Sources */ = {isa = PBXBuildFile; fileRef = 020A19CE2AFA992600C6FC9D /* User.swift */; };
		020A19D12AFA9E8700C6FC9D /* GoogleService-Info.plist in Resources */ = {isa = PBXBuildFile; fileRef = 020A19D02AFA9E8700C6FC9D /* GoogleService-Info.plist */; };
		020A19D42AFAA08100C6FC9D /* FirebaseAnalytics in Frameworks */ = {isa = PBXBuildFile; productRef = 020A19D32AFAA08100C6FC9D /* FirebaseAnalytics */; };
		020A19D62AFAA08100C6FC9D /* FirebaseAnalyticsOnDeviceConversion in Frameworks */ = {isa = PBXBuildFile; productRef = 020A19D52AFAA08100C6FC9D /* FirebaseAnalyticsOnDeviceConversion */; };
		020A19D82AFAA08100C6FC9D /* FirebaseAnalyticsSwift in Frameworks */ = {isa = PBXBuildFile; productRef = 020A19D72AFAA08100C6FC9D /* FirebaseAnalyticsSwift */; };
		020A19DA2AFAA08100C6FC9D /* FirebaseAnalyticsWithoutAdIdSupport in Frameworks */ = {isa = PBXBuildFile; productRef = 020A19D92AFAA08100C6FC9D /* FirebaseAnalyticsWithoutAdIdSupport */; };
		020A19DC2AFAA08100C6FC9D /* FirebaseAppCheck in Frameworks */ = {isa = PBXBuildFile; productRef = 020A19DB2AFAA08100C6FC9D /* FirebaseAppCheck */; };
		020A19DE2AFAA08100C6FC9D /* FirebaseAppDistribution-Beta in Frameworks */ = {isa = PBXBuildFile; productRef = 020A19DD2AFAA08100C6FC9D /* FirebaseAppDistribution-Beta */; };
		020A19E02AFAA08100C6FC9D /* FirebaseAuth in Frameworks */ = {isa = PBXBuildFile; productRef = 020A19DF2AFAA08100C6FC9D /* FirebaseAuth */; };
		020A19E22AFAA08100C6FC9D /* FirebaseAuthCombine-Community in Frameworks */ = {isa = PBXBuildFile; productRef = 020A19E12AFAA08100C6FC9D /* FirebaseAuthCombine-Community */; };
		020A19E42AFAA08100C6FC9D /* FirebaseCrashlytics in Frameworks */ = {isa = PBXBuildFile; productRef = 020A19E32AFAA08100C6FC9D /* FirebaseCrashlytics */; };
		020A19E62AFAA08100C6FC9D /* FirebaseDatabase in Frameworks */ = {isa = PBXBuildFile; productRef = 020A19E52AFAA08100C6FC9D /* FirebaseDatabase */; };
		020A19E82AFAA08100C6FC9D /* FirebaseDatabaseSwift in Frameworks */ = {isa = PBXBuildFile; productRef = 020A19E72AFAA08100C6FC9D /* FirebaseDatabaseSwift */; };
		020A19EA2AFAA08100C6FC9D /* FirebaseDynamicLinks in Frameworks */ = {isa = PBXBuildFile; productRef = 020A19E92AFAA08100C6FC9D /* FirebaseDynamicLinks */; };
		020A19EC2AFAA08100C6FC9D /* FirebaseFirestore in Frameworks */ = {isa = PBXBuildFile; productRef = 020A19EB2AFAA08100C6FC9D /* FirebaseFirestore */; };
		020A19EE2AFAA08100C6FC9D /* FirebaseFirestoreCombine-Community in Frameworks */ = {isa = PBXBuildFile; productRef = 020A19ED2AFAA08100C6FC9D /* FirebaseFirestoreCombine-Community */; };
		020A19F02AFAA08100C6FC9D /* FirebaseFirestoreSwift in Frameworks */ = {isa = PBXBuildFile; productRef = 020A19EF2AFAA08100C6FC9D /* FirebaseFirestoreSwift */; };
		020A19F22AFAA08100C6FC9D /* FirebaseFunctions in Frameworks */ = {isa = PBXBuildFile; productRef = 020A19F12AFAA08100C6FC9D /* FirebaseFunctions */; };
		020A19F42AFAA08100C6FC9D /* FirebaseFunctionsCombine-Community in Frameworks */ = {isa = PBXBuildFile; productRef = 020A19F32AFAA08100C6FC9D /* FirebaseFunctionsCombine-Community */; };
		020A19F62AFAA08100C6FC9D /* FirebaseInAppMessaging-Beta in Frameworks */ = {isa = PBXBuildFile; productRef = 020A19F52AFAA08100C6FC9D /* FirebaseInAppMessaging-Beta */; };
		020A19F82AFAA08100C6FC9D /* FirebaseInAppMessagingSwift-Beta in Frameworks */ = {isa = PBXBuildFile; productRef = 020A19F72AFAA08100C6FC9D /* FirebaseInAppMessagingSwift-Beta */; };
		020A19FA2AFAA08100C6FC9D /* FirebaseInstallations in Frameworks */ = {isa = PBXBuildFile; productRef = 020A19F92AFAA08100C6FC9D /* FirebaseInstallations */; };
		020A19FC2AFAA08100C6FC9D /* FirebaseMLModelDownloader in Frameworks */ = {isa = PBXBuildFile; productRef = 020A19FB2AFAA08100C6FC9D /* FirebaseMLModelDownloader */; };
		020A19FE2AFAA08100C6FC9D /* FirebaseMessaging in Frameworks */ = {isa = PBXBuildFile; productRef = 020A19FD2AFAA08100C6FC9D /* FirebaseMessaging */; };
		020A1A002AFAA08100C6FC9D /* FirebasePerformance in Frameworks */ = {isa = PBXBuildFile; productRef = 020A19FF2AFAA08100C6FC9D /* FirebasePerformance */; };
		020A1A022AFAA08100C6FC9D /* FirebaseRemoteConfig in Frameworks */ = {isa = PBXBuildFile; productRef = 020A1A012AFAA08100C6FC9D /* FirebaseRemoteConfig */; };
		020A1A042AFAA08100C6FC9D /* FirebaseRemoteConfigSwift in Frameworks */ = {isa = PBXBuildFile; productRef = 020A1A032AFAA08100C6FC9D /* FirebaseRemoteConfigSwift */; };
		020A1A062AFAA08100C6FC9D /* FirebaseStorage in Frameworks */ = {isa = PBXBuildFile; productRef = 020A1A052AFAA08100C6FC9D /* FirebaseStorage */; };
		020A1A082AFAA08100C6FC9D /* FirebaseStorageCombine-Community in Frameworks */ = {isa = PBXBuildFile; productRef = 020A1A072AFAA08100C6FC9D /* FirebaseStorageCombine-Community */; };
		020A1A0E2AFB198D00C6FC9D /* AuthViewModel.swift in Sources */ = {isa = PBXBuildFile; fileRef = 020A1A0D2AFB198D00C6FC9D /* AuthViewModel.swift */; };
		020A1A112AFD33EE00C6FC9D /* FriendsView.swift in Sources */ = {isa = PBXBuildFile; fileRef = 020A1A102AFD33EE00C6FC9D /* FriendsView.swift */; };
		020A1A152AFD3EAC00C6FC9D /* FriendsViewModel.swift in Sources */ = {isa = PBXBuildFile; fileRef = 020A1A142AFD3EAC00C6FC9D /* FriendsViewModel.swift */; };
		020A1A182AFE9A2700C6FC9D /* MapView.swift in Sources */ = {isa = PBXBuildFile; fileRef = 020A1A172AFE9A2700C6FC9D /* MapView.swift */; };
		020A1A1C2AFE9A5000C6FC9D /* MapViewModel.swift in Sources */ = {isa = PBXBuildFile; fileRef = 020A1A1B2AFE9A5000C6FC9D /* MapViewModel.swift */; };
		024605DC2B1E5ADB00C645B2 /* SwipeView.swift in Sources */ = {isa = PBXBuildFile; fileRef = 024605DB2B1E5ADA00C645B2 /* SwipeView.swift */; };
		024605DE2B1E5AE200C645B2 /* UserInitialsView.swift in Sources */ = {isa = PBXBuildFile; fileRef = 024605DD2B1E5AE200C645B2 /* UserInitialsView.swift */; };
		024605E02B1E5B0200C645B2 /* FriendProfileView.swift in Sources */ = {isa = PBXBuildFile; fileRef = 024605DF2B1E5B0200C645B2 /* FriendProfileView.swift */; };
		024605E22B1E5B1400C645B2 /* FetchFriend.swift in Sources */ = {isa = PBXBuildFile; fileRef = 024605E12B1E5B1300C645B2 /* FetchFriend.swift */; };
		024605E42B1E5B9E00C645B2 /* SpotifyModel.swift in Sources */ = {isa = PBXBuildFile; fileRef = 024605E32B1E5B9D00C645B2 /* SpotifyModel.swift */; };
		025B367C2B164CAA005102B8 /* SpotifyAPI in Frameworks */ = {isa = PBXBuildFile; productRef = 025B367B2B164CAA005102B8 /* SpotifyAPI */; };
		025B367F2B17C40E005102B8 /* APIConstants.swift in Sources */ = {isa = PBXBuildFile; fileRef = 025B367E2B17C40E005102B8 /* APIConstants.swift */; };
		025B36812B17C80C005102B8 /* NetworkError.swift in Sources */ = {isa = PBXBuildFile; fileRef = 025B36802B17C80C005102B8 /* NetworkError.swift */; };
		025B36832B17CB3D005102B8 /* APIService.swift in Sources */ = {isa = PBXBuildFile; fileRef = 025B36822B17CB3D005102B8 /* APIService.swift */; };
		029CFC7F2AE437E100F32BEB /* MyFindMusicApp.swift in Sources */ = {isa = PBXBuildFile; fileRef = 029CFC7E2AE437E100F32BEB /* MyFindMusicApp.swift */; };
		029CFC812AE437E100F32BEB /* ContentView.swift in Sources */ = {isa = PBXBuildFile; fileRef = 029CFC802AE437E100F32BEB /* ContentView.swift */; };
		029CFC832AE437E300F32BEB /* Assets.xcassets in Resources */ = {isa = PBXBuildFile; fileRef = 029CFC822AE437E300F32BEB /* Assets.xcassets */; };
		029CFC862AE437E300F32BEB /* Preview Assets.xcassets in Resources */ = {isa = PBXBuildFile; fileRef = 029CFC852AE437E300F32BEB /* Preview Assets.xcassets */; };
		02CE3A8F2AF3EFC400077201 /* LoginView.swift in Sources */ = {isa = PBXBuildFile; fileRef = 02CE3A8E2AF3EFC400077201 /* LoginView.swift */; };
		02CE3A912AF3F24E00077201 /* InputView.swift in Sources */ = {isa = PBXBuildFile; fileRef = 02CE3A902AF3F24E00077201 /* InputView.swift */; };
/* End PBXBuildFile section */

/* Begin PBXFileReference section */
		020A19C82AFA903800C6FC9D /* RegistrationView.swift */ = {isa = PBXFileReference; lastKnownFileType = sourcecode.swift; path = RegistrationView.swift; sourceTree = "<group>"; };
		020A19CA2AFA930200C6FC9D /* ProfileView.swift */ = {isa = PBXFileReference; lastKnownFileType = sourcecode.swift; path = ProfileView.swift; sourceTree = "<group>"; };
		020A19CC2AFA958400C6FC9D /* SettingsRowView.swift */ = {isa = PBXFileReference; lastKnownFileType = sourcecode.swift; path = SettingsRowView.swift; sourceTree = "<group>"; };
		020A19CE2AFA992600C6FC9D /* User.swift */ = {isa = PBXFileReference; lastKnownFileType = sourcecode.swift; path = User.swift; sourceTree = "<group>"; };
		020A19D02AFA9E8700C6FC9D /* GoogleService-Info.plist */ = {isa = PBXFileReference; fileEncoding = 4; lastKnownFileType = text.plist.xml; path = "GoogleService-Info.plist"; sourceTree = "<group>"; };
		020A1A0D2AFB198D00C6FC9D /* AuthViewModel.swift */ = {isa = PBXFileReference; lastKnownFileType = sourcecode.swift; path = AuthViewModel.swift; sourceTree = "<group>"; };
		020A1A102AFD33EE00C6FC9D /* FriendsView.swift */ = {isa = PBXFileReference; lastKnownFileType = sourcecode.swift; path = FriendsView.swift; sourceTree = "<group>"; };
		020A1A142AFD3EAC00C6FC9D /* FriendsViewModel.swift */ = {isa = PBXFileReference; lastKnownFileType = sourcecode.swift; path = FriendsViewModel.swift; sourceTree = "<group>"; };
		020A1A172AFE9A2700C6FC9D /* MapView.swift */ = {isa = PBXFileReference; lastKnownFileType = sourcecode.swift; path = MapView.swift; sourceTree = "<group>"; };
		020A1A1B2AFE9A5000C6FC9D /* MapViewModel.swift */ = {isa = PBXFileReference; lastKnownFileType = sourcecode.swift; path = MapViewModel.swift; sourceTree = "<group>"; };
		024605DB2B1E5ADA00C645B2 /* SwipeView.swift */ = {isa = PBXFileReference; fileEncoding = 4; lastKnownFileType = sourcecode.swift; path = SwipeView.swift; sourceTree = "<group>"; };
		024605DD2B1E5AE200C645B2 /* UserInitialsView.swift */ = {isa = PBXFileReference; fileEncoding = 4; lastKnownFileType = sourcecode.swift; path = UserInitialsView.swift; sourceTree = "<group>"; };
		024605DF2B1E5B0200C645B2 /* FriendProfileView.swift */ = {isa = PBXFileReference; fileEncoding = 4; lastKnownFileType = sourcecode.swift; path = FriendProfileView.swift; sourceTree = "<group>"; };
		024605E12B1E5B1300C645B2 /* FetchFriend.swift */ = {isa = PBXFileReference; fileEncoding = 4; lastKnownFileType = sourcecode.swift; path = FetchFriend.swift; sourceTree = "<group>"; };
		024605E32B1E5B9D00C645B2 /* SpotifyModel.swift */ = {isa = PBXFileReference; fileEncoding = 4; lastKnownFileType = sourcecode.swift; path = SpotifyModel.swift; sourceTree = "<group>"; };
		025B367D2B1654AF005102B8 /* Info.plist */ = {isa = PBXFileReference; lastKnownFileType = text.plist; path = Info.plist; sourceTree = "<group>"; };
		025B367E2B17C40E005102B8 /* APIConstants.swift */ = {isa = PBXFileReference; lastKnownFileType = sourcecode.swift; path = APIConstants.swift; sourceTree = "<group>"; };
		025B36802B17C80C005102B8 /* NetworkError.swift */ = {isa = PBXFileReference; lastKnownFileType = sourcecode.swift; path = NetworkError.swift; sourceTree = "<group>"; };
		025B36822B17CB3D005102B8 /* APIService.swift */ = {isa = PBXFileReference; lastKnownFileType = sourcecode.swift; path = APIService.swift; sourceTree = "<group>"; };
		029CFC7B2AE437E100F32BEB /* MyFindMusic.app */ = {isa = PBXFileReference; explicitFileType = wrapper.application; includeInIndex = 0; path = MyFindMusic.app; sourceTree = BUILT_PRODUCTS_DIR; };
		029CFC7E2AE437E100F32BEB /* MyFindMusicApp.swift */ = {isa = PBXFileReference; lastKnownFileType = sourcecode.swift; path = MyFindMusicApp.swift; sourceTree = "<group>"; };
		029CFC802AE437E100F32BEB /* ContentView.swift */ = {isa = PBXFileReference; lastKnownFileType = sourcecode.swift; path = ContentView.swift; sourceTree = "<group>"; };
		029CFC822AE437E300F32BEB /* Assets.xcassets */ = {isa = PBXFileReference; lastKnownFileType = folder.assetcatalog; path = Assets.xcassets; sourceTree = "<group>"; };
		029CFC852AE437E300F32BEB /* Preview Assets.xcassets */ = {isa = PBXFileReference; lastKnownFileType = folder.assetcatalog; path = "Preview Assets.xcassets"; sourceTree = "<group>"; };
		02CE3A8E2AF3EFC400077201 /* LoginView.swift */ = {isa = PBXFileReference; lastKnownFileType = sourcecode.swift; path = LoginView.swift; sourceTree = "<group>"; };
		02CE3A902AF3F24E00077201 /* InputView.swift */ = {isa = PBXFileReference; lastKnownFileType = sourcecode.swift; path = InputView.swift; sourceTree = "<group>"; };
/* End PBXFileReference section */

/* Begin PBXFrameworksBuildPhase section */
		029CFC782AE437E100F32BEB /* Frameworks */ = {
			isa = PBXFrameworksBuildPhase;
			buildActionMask = 2147483647;
			files = (
				020A19E62AFAA08100C6FC9D /* FirebaseDatabase in Frameworks */,
				020A19F42AFAA08100C6FC9D /* FirebaseFunctionsCombine-Community in Frameworks */,
				020A19EC2AFAA08100C6FC9D /* FirebaseFirestore in Frameworks */,
				020A19D82AFAA08100C6FC9D /* FirebaseAnalyticsSwift in Frameworks */,
				020A19D42AFAA08100C6FC9D /* FirebaseAnalytics in Frameworks */,
				020A19D62AFAA08100C6FC9D /* FirebaseAnalyticsOnDeviceConversion in Frameworks */,
				020A19FC2AFAA08100C6FC9D /* FirebaseMLModelDownloader in Frameworks */,
				020A19F02AFAA08100C6FC9D /* FirebaseFirestoreSwift in Frameworks */,
				020A19DC2AFAA08100C6FC9D /* FirebaseAppCheck in Frameworks */,
				020A19DA2AFAA08100C6FC9D /* FirebaseAnalyticsWithoutAdIdSupport in Frameworks */,
				025B367C2B164CAA005102B8 /* SpotifyAPI in Frameworks */,
				020A19E02AFAA08100C6FC9D /* FirebaseAuth in Frameworks */,
				020A19E42AFAA08100C6FC9D /* FirebaseCrashlytics in Frameworks */,
				020A1A042AFAA08100C6FC9D /* FirebaseRemoteConfigSwift in Frameworks */,
				020A19F62AFAA08100C6FC9D /* FirebaseInAppMessaging-Beta in Frameworks */,
				020A19E82AFAA08100C6FC9D /* FirebaseDatabaseSwift in Frameworks */,
				020A19F22AFAA08100C6FC9D /* FirebaseFunctions in Frameworks */,
				020A1A082AFAA08100C6FC9D /* FirebaseStorageCombine-Community in Frameworks */,
				020A1A022AFAA08100C6FC9D /* FirebaseRemoteConfig in Frameworks */,
				020A19DE2AFAA08100C6FC9D /* FirebaseAppDistribution-Beta in Frameworks */,
				020A19E22AFAA08100C6FC9D /* FirebaseAuthCombine-Community in Frameworks */,
				020A1A002AFAA08100C6FC9D /* FirebasePerformance in Frameworks */,
				020A19F82AFAA08100C6FC9D /* FirebaseInAppMessagingSwift-Beta in Frameworks */,
				020A1A062AFAA08100C6FC9D /* FirebaseStorage in Frameworks */,
				020A19EA2AFAA08100C6FC9D /* FirebaseDynamicLinks in Frameworks */,
				020A19EE2AFAA08100C6FC9D /* FirebaseFirestoreCombine-Community in Frameworks */,
				020A19FE2AFAA08100C6FC9D /* FirebaseMessaging in Frameworks */,
				020A19FA2AFAA08100C6FC9D /* FirebaseInstallations in Frameworks */,
			);
			runOnlyForDeploymentPostprocessing = 0;
		};
/* End PBXFrameworksBuildPhase section */

/* Begin PBXGroup section */
		020A1A092AFAA33200C6FC9D /* View */ = {
			isa = PBXGroup;
			children = (
				02CE3A8E2AF3EFC400077201 /* LoginView.swift */,
				020A19C82AFA903800C6FC9D /* RegistrationView.swift */,
			);
			path = View;
			sourceTree = "<group>";
		};
		020A1A0A2AFAA33900C6FC9D /* ViewModel */ = {
			isa = PBXGroup;
			children = (
				024605E32B1E5B9D00C645B2 /* SpotifyModel.swift */,
				020A1A0D2AFB198D00C6FC9D /* AuthViewModel.swift */,
			);
			path = ViewModel;
			sourceTree = "<group>";
		};
		020A1A0F2AFD33DB00C6FC9D /* Friends */ = {
			isa = PBXGroup;
			children = (
				020A1A132AFD369700C6FC9D /* ViewModel */,
				020A1A122AFD368100C6FC9D /* View */,
			);
			path = Friends;
			sourceTree = "<group>";
		};
		020A1A122AFD368100C6FC9D /* View */ = {
			isa = PBXGroup;
			children = (
				020A1A102AFD33EE00C6FC9D /* FriendsView.swift */,
				024605DF2B1E5B0200C645B2 /* FriendProfileView.swift */,
			);
			path = View;
			sourceTree = "<group>";
		};
		020A1A132AFD369700C6FC9D /* ViewModel */ = {
			isa = PBXGroup;
			children = (
				020A1A142AFD3EAC00C6FC9D /* FriendsViewModel.swift */,
			);
			path = ViewModel;
			sourceTree = "<group>";
		};
		020A1A162AFE9A0A00C6FC9D /* Map */ = {
			isa = PBXGroup;
			children = (
				024605DB2B1E5ADA00C645B2 /* SwipeView.swift */,
				020A1A172AFE9A2700C6FC9D /* MapView.swift */,
				020A1A1B2AFE9A5000C6FC9D /* MapViewModel.swift */,
				024605DD2B1E5AE200C645B2 /* UserInitialsView.swift */,
			);
			path = Map;
			sourceTree = "<group>";
		};
		029CFC722AE437E100F32BEB = {
			isa = PBXGroup;
			children = (
				029CFC7D2AE437E100F32BEB /* MyFindMusic */,
				029CFC7C2AE437E100F32BEB /* Products */,
			);
			sourceTree = "<group>";
		};
		029CFC7C2AE437E100F32BEB /* Products */ = {
			isa = PBXGroup;
			children = (
				029CFC7B2AE437E100F32BEB /* MyFindMusic.app */,
			);
			name = Products;
			sourceTree = "<group>";
		};
		029CFC7D2AE437E100F32BEB /* MyFindMusic */ = {
			isa = PBXGroup;
			children = (
				025B367D2B1654AF005102B8 /* Info.plist */,
				02CE3A872AF3EE7600077201 /* App */,
				02CE3A882AF3EE7C00077201 /* Components */,
				02CE3A892AF3EE8200077201 /* Core */,
				02CE3A8A2AF3EE8700077201 /* Model */,
				029CFC822AE437E300F32BEB /* Assets.xcassets */,
				020A19D02AFA9E8700C6FC9D /* GoogleService-Info.plist */,
				029CFC842AE437E300F32BEB /* Preview Content */,
			);
			path = MyFindMusic;
			sourceTree = "<group>";
		};
		029CFC842AE437E300F32BEB /* Preview Content */ = {
			isa = PBXGroup;
			children = (
				029CFC852AE437E300F32BEB /* Preview Assets.xcassets */,
			);
			path = "Preview Content";
			sourceTree = "<group>";
		};
		02CE3A872AF3EE7600077201 /* App */ = {
			isa = PBXGroup;
			children = (
				029CFC7E2AE437E100F32BEB /* MyFindMusicApp.swift */,
			);
			path = App;
			sourceTree = "<group>";
		};
		02CE3A882AF3EE7C00077201 /* Components */ = {
			isa = PBXGroup;
			children = (
				02CE3A902AF3F24E00077201 /* InputView.swift */,
				020A19CC2AFA958400C6FC9D /* SettingsRowView.swift */,
			);
			path = Components;
			sourceTree = "<group>";
		};
		02CE3A892AF3EE8200077201 /* Core */ = {
			isa = PBXGroup;
			children = (
				024605E12B1E5B1300C645B2 /* FetchFriend.swift */,
				020A1A162AFE9A0A00C6FC9D /* Map */,
				020A1A0F2AFD33DB00C6FC9D /* Friends */,
				02CE3A8C2AF3EEEE00077201 /* Authentication */,
				02CE3A8D2AF3EF0500077201 /* Profile */,
				02CE3A8B2AF3EEB200077201 /* Root */,
			);
			path = Core;
			sourceTree = "<group>";
		};
		02CE3A8A2AF3EE8700077201 /* Model */ = {
			isa = PBXGroup;
			children = (
				020A19CE2AFA992600C6FC9D /* User.swift */,
			);
			path = Model;
			sourceTree = "<group>";
		};
		02CE3A8B2AF3EEB200077201 /* Root */ = {
			isa = PBXGroup;
			children = (
				029CFC802AE437E100F32BEB /* ContentView.swift */,
			);
			path = Root;
			sourceTree = "<group>";
		};
		02CE3A8C2AF3EEEE00077201 /* Authentication */ = {
			isa = PBXGroup;
			children = (
				020A1A0A2AFAA33900C6FC9D /* ViewModel */,
				020A1A092AFAA33200C6FC9D /* View */,
				025B367E2B17C40E005102B8 /* APIConstants.swift */,
				025B36802B17C80C005102B8 /* NetworkError.swift */,
				025B36822B17CB3D005102B8 /* APIService.swift */,
			);
			path = Authentication;
			sourceTree = "<group>";
		};
		02CE3A8D2AF3EF0500077201 /* Profile */ = {
			isa = PBXGroup;
			children = (
				020A19CA2AFA930200C6FC9D /* ProfileView.swift */,
			);
			path = Profile;
			sourceTree = "<group>";
		};
/* End PBXGroup section */

/* Begin PBXNativeTarget section */
		029CFC7A2AE437E100F32BEB /* MyFindMusic */ = {
			isa = PBXNativeTarget;
			buildConfigurationList = 029CFC892AE437E300F32BEB /* Build configuration list for PBXNativeTarget "MyFindMusic" */;
			buildPhases = (
				029CFC772AE437E100F32BEB /* Sources */,
				029CFC782AE437E100F32BEB /* Frameworks */,
				029CFC792AE437E100F32BEB /* Resources */,
			);
			buildRules = (
			);
			dependencies = (
			);
			name = MyFindMusic;
			packageProductDependencies = (
				020A19D32AFAA08100C6FC9D /* FirebaseAnalytics */,
				020A19D52AFAA08100C6FC9D /* FirebaseAnalyticsOnDeviceConversion */,
				020A19D72AFAA08100C6FC9D /* FirebaseAnalyticsSwift */,
				020A19D92AFAA08100C6FC9D /* FirebaseAnalyticsWithoutAdIdSupport */,
				020A19DB2AFAA08100C6FC9D /* FirebaseAppCheck */,
				020A19DD2AFAA08100C6FC9D /* FirebaseAppDistribution-Beta */,
				020A19DF2AFAA08100C6FC9D /* FirebaseAuth */,
				020A19E12AFAA08100C6FC9D /* FirebaseAuthCombine-Community */,
				020A19E32AFAA08100C6FC9D /* FirebaseCrashlytics */,
				020A19E52AFAA08100C6FC9D /* FirebaseDatabase */,
				020A19E72AFAA08100C6FC9D /* FirebaseDatabaseSwift */,
				020A19E92AFAA08100C6FC9D /* FirebaseDynamicLinks */,
				020A19EB2AFAA08100C6FC9D /* FirebaseFirestore */,
				020A19ED2AFAA08100C6FC9D /* FirebaseFirestoreCombine-Community */,
				020A19EF2AFAA08100C6FC9D /* FirebaseFirestoreSwift */,
				020A19F12AFAA08100C6FC9D /* FirebaseFunctions */,
				020A19F32AFAA08100C6FC9D /* FirebaseFunctionsCombine-Community */,
				020A19F52AFAA08100C6FC9D /* FirebaseInAppMessaging-Beta */,
				020A19F72AFAA08100C6FC9D /* FirebaseInAppMessagingSwift-Beta */,
				020A19F92AFAA08100C6FC9D /* FirebaseInstallations */,
				020A19FB2AFAA08100C6FC9D /* FirebaseMLModelDownloader */,
				020A19FD2AFAA08100C6FC9D /* FirebaseMessaging */,
				020A19FF2AFAA08100C6FC9D /* FirebasePerformance */,
				020A1A012AFAA08100C6FC9D /* FirebaseRemoteConfig */,
				020A1A032AFAA08100C6FC9D /* FirebaseRemoteConfigSwift */,
				020A1A052AFAA08100C6FC9D /* FirebaseStorage */,
				020A1A072AFAA08100C6FC9D /* FirebaseStorageCombine-Community */,
				025B367B2B164CAA005102B8 /* SpotifyAPI */,
			);
			productName = MyFindMusic;
			productReference = 029CFC7B2AE437E100F32BEB /* MyFindMusic.app */;
			productType = "com.apple.product-type.application";
		};
/* End PBXNativeTarget section */

/* Begin PBXProject section */
		029CFC732AE437E100F32BEB /* Project object */ = {
			isa = PBXProject;
			attributes = {
				BuildIndependentTargetsInParallel = 1;
				LastSwiftUpdateCheck = 1420;
				LastUpgradeCheck = 1420;
				TargetAttributes = {
					029CFC7A2AE437E100F32BEB = {
						CreatedOnToolsVersion = 14.2;
					};
				};
			};
			buildConfigurationList = 029CFC762AE437E100F32BEB /* Build configuration list for PBXProject "MyFindMusic" */;
			compatibilityVersion = "Xcode 14.0";
			developmentRegion = en;
			hasScannedForEncodings = 0;
			knownRegions = (
				en,
				Base,
			);
			mainGroup = 029CFC722AE437E100F32BEB;
			packageReferences = (
				020A19D22AFAA08100C6FC9D /* XCRemoteSwiftPackageReference "firebase-ios-sdk" */,
				025B367A2B164CAA005102B8 /* XCRemoteSwiftPackageReference "SpotifyAPI" */,
			);
			productRefGroup = 029CFC7C2AE437E100F32BEB /* Products */;
			projectDirPath = "";
			projectRoot = "";
			targets = (
				029CFC7A2AE437E100F32BEB /* MyFindMusic */,
			);
		};
/* End PBXProject section */

/* Begin PBXResourcesBuildPhase section */
		029CFC792AE437E100F32BEB /* Resources */ = {
			isa = PBXResourcesBuildPhase;
			buildActionMask = 2147483647;
			files = (
				029CFC862AE437E300F32BEB /* Preview Assets.xcassets in Resources */,
				029CFC832AE437E300F32BEB /* Assets.xcassets in Resources */,
				020A19D12AFA9E8700C6FC9D /* GoogleService-Info.plist in Resources */,
			);
			runOnlyForDeploymentPostprocessing = 0;
		};
/* End PBXResourcesBuildPhase section */

/* Begin PBXSourcesBuildPhase section */
		029CFC772AE437E100F32BEB /* Sources */ = {
			isa = PBXSourcesBuildPhase;
			buildActionMask = 2147483647;
			files = (
				020A1A112AFD33EE00C6FC9D /* FriendsView.swift in Sources */,
				020A1A182AFE9A2700C6FC9D /* MapView.swift in Sources */,
				02CE3A8F2AF3EFC400077201 /* LoginView.swift in Sources */,
				020A1A152AFD3EAC00C6FC9D /* FriendsViewModel.swift in Sources */,
				020A1A1C2AFE9A5000C6FC9D /* MapViewModel.swift in Sources */,
				02CE3A912AF3F24E00077201 /* InputView.swift in Sources */,
				025B36832B17CB3D005102B8 /* APIService.swift in Sources */,
				029CFC812AE437E100F32BEB /* ContentView.swift in Sources */,
				024605DC2B1E5ADB00C645B2 /* SwipeView.swift in Sources */,
				029CFC7F2AE437E100F32BEB /* MyFindMusicApp.swift in Sources */,
				025B367F2B17C40E005102B8 /* APIConstants.swift in Sources */,
				024605E42B1E5B9E00C645B2 /* SpotifyModel.swift in Sources */,
				024605E02B1E5B0200C645B2 /* FriendProfileView.swift in Sources */,
				025B36812B17C80C005102B8 /* NetworkError.swift in Sources */,
				020A19CF2AFA992600C6FC9D /* User.swift in Sources */,
				020A19CB2AFA930200C6FC9D /* ProfileView.swift in Sources */,
				020A19C92AFA903800C6FC9D /* RegistrationView.swift in Sources */,
				020A19CD2AFA958400C6FC9D /* SettingsRowView.swift in Sources */,
				024605DE2B1E5AE200C645B2 /* UserInitialsView.swift in Sources */,
				024605E22B1E5B1400C645B2 /* FetchFriend.swift in Sources */,
				020A1A0E2AFB198D00C6FC9D /* AuthViewModel.swift in Sources */,
			);
			runOnlyForDeploymentPostprocessing = 0;
		};
/* End PBXSourcesBuildPhase section */

/* Begin XCBuildConfiguration section */
		029CFC872AE437E300F32BEB /* Debug */ = {
			isa = XCBuildConfiguration;
			buildSettings = {
				ALWAYS_SEARCH_USER_PATHS = NO;
				CLANG_ANALYZER_NONNULL = YES;
				CLANG_ANALYZER_NUMBER_OBJECT_CONVERSION = YES_AGGRESSIVE;
				CLANG_CXX_LANGUAGE_STANDARD = "gnu++20";
				CLANG_ENABLE_MODULES = YES;
				CLANG_ENABLE_OBJC_ARC = YES;
				CLANG_ENABLE_OBJC_WEAK = YES;
				CLANG_WARN_BLOCK_CAPTURE_AUTORELEASING = YES;
				CLANG_WARN_BOOL_CONVERSION = YES;
				CLANG_WARN_COMMA = YES;
				CLANG_WARN_CONSTANT_CONVERSION = YES;
				CLANG_WARN_DEPRECATED_OBJC_IMPLEMENTATIONS = YES;
				CLANG_WARN_DIRECT_OBJC_ISA_USAGE = YES_ERROR;
				CLANG_WARN_DOCUMENTATION_COMMENTS = YES;
				CLANG_WARN_EMPTY_BODY = YES;
				CLANG_WARN_ENUM_CONVERSION = YES;
				CLANG_WARN_INFINITE_RECURSION = YES;
				CLANG_WARN_INT_CONVERSION = YES;
				CLANG_WARN_NON_LITERAL_NULL_CONVERSION = YES;
				CLANG_WARN_OBJC_IMPLICIT_RETAIN_SELF = YES;
				CLANG_WARN_OBJC_LITERAL_CONVERSION = YES;
				CLANG_WARN_OBJC_ROOT_CLASS = YES_ERROR;
				CLANG_WARN_QUOTED_INCLUDE_IN_FRAMEWORK_HEADER = YES;
				CLANG_WARN_RANGE_LOOP_ANALYSIS = YES;
				CLANG_WARN_STRICT_PROTOTYPES = YES;
				CLANG_WARN_SUSPICIOUS_MOVE = YES;
				CLANG_WARN_UNGUARDED_AVAILABILITY = YES_AGGRESSIVE;
				CLANG_WARN_UNREACHABLE_CODE = YES;
				CLANG_WARN__DUPLICATE_METHOD_MATCH = YES;
				COPY_PHASE_STRIP = NO;
				DEBUG_INFORMATION_FORMAT = dwarf;
				ENABLE_STRICT_OBJC_MSGSEND = YES;
				ENABLE_TESTABILITY = YES;
				GCC_C_LANGUAGE_STANDARD = gnu11;
				GCC_DYNAMIC_NO_PIC = NO;
				GCC_NO_COMMON_BLOCKS = YES;
				GCC_OPTIMIZATION_LEVEL = 0;
				GCC_PREPROCESSOR_DEFINITIONS = (
					"DEBUG=1",
					"$(inherited)",
				);
				GCC_WARN_64_TO_32_BIT_CONVERSION = YES;
				GCC_WARN_ABOUT_RETURN_TYPE = YES_ERROR;
				GCC_WARN_UNDECLARED_SELECTOR = YES;
				GCC_WARN_UNINITIALIZED_AUTOS = YES_AGGRESSIVE;
				GCC_WARN_UNUSED_FUNCTION = YES;
				GCC_WARN_UNUSED_VARIABLE = YES;
				IPHONEOS_DEPLOYMENT_TARGET = 16.0;
				MTL_ENABLE_DEBUG_INFO = INCLUDE_SOURCE;
				MTL_FAST_MATH = YES;
				ONLY_ACTIVE_ARCH = YES;
				SDKROOT = iphoneos;
				SWIFT_ACTIVE_COMPILATION_CONDITIONS = DEBUG;
				SWIFT_OPTIMIZATION_LEVEL = "-Onone";
			};
			name = Debug;
		};
		029CFC882AE437E300F32BEB /* Release */ = {
			isa = XCBuildConfiguration;
			buildSettings = {
				ALWAYS_SEARCH_USER_PATHS = NO;
				CLANG_ANALYZER_NONNULL = YES;
				CLANG_ANALYZER_NUMBER_OBJECT_CONVERSION = YES_AGGRESSIVE;
				CLANG_CXX_LANGUAGE_STANDARD = "gnu++20";
				CLANG_ENABLE_MODULES = YES;
				CLANG_ENABLE_OBJC_ARC = YES;
				CLANG_ENABLE_OBJC_WEAK = YES;
				CLANG_WARN_BLOCK_CAPTURE_AUTORELEASING = YES;
				CLANG_WARN_BOOL_CONVERSION = YES;
				CLANG_WARN_COMMA = YES;
				CLANG_WARN_CONSTANT_CONVERSION = YES;
				CLANG_WARN_DEPRECATED_OBJC_IMPLEMENTATIONS = YES;
				CLANG_WARN_DIRECT_OBJC_ISA_USAGE = YES_ERROR;
				CLANG_WARN_DOCUMENTATION_COMMENTS = YES;
				CLANG_WARN_EMPTY_BODY = YES;
				CLANG_WARN_ENUM_CONVERSION = YES;
				CLANG_WARN_INFINITE_RECURSION = YES;
				CLANG_WARN_INT_CONVERSION = YES;
				CLANG_WARN_NON_LITERAL_NULL_CONVERSION = YES;
				CLANG_WARN_OBJC_IMPLICIT_RETAIN_SELF = YES;
				CLANG_WARN_OBJC_LITERAL_CONVERSION = YES;
				CLANG_WARN_OBJC_ROOT_CLASS = YES_ERROR;
				CLANG_WARN_QUOTED_INCLUDE_IN_FRAMEWORK_HEADER = YES;
				CLANG_WARN_RANGE_LOOP_ANALYSIS = YES;
				CLANG_WARN_STRICT_PROTOTYPES = YES;
				CLANG_WARN_SUSPICIOUS_MOVE = YES;
				CLANG_WARN_UNGUARDED_AVAILABILITY = YES_AGGRESSIVE;
				CLANG_WARN_UNREACHABLE_CODE = YES;
				CLANG_WARN__DUPLICATE_METHOD_MATCH = YES;
				COPY_PHASE_STRIP = NO;
				DEBUG_INFORMATION_FORMAT = "dwarf-with-dsym";
				ENABLE_NS_ASSERTIONS = NO;
				ENABLE_STRICT_OBJC_MSGSEND = YES;
				GCC_C_LANGUAGE_STANDARD = gnu11;
				GCC_NO_COMMON_BLOCKS = YES;
				GCC_WARN_64_TO_32_BIT_CONVERSION = YES;
				GCC_WARN_ABOUT_RETURN_TYPE = YES_ERROR;
				GCC_WARN_UNDECLARED_SELECTOR = YES;
				GCC_WARN_UNINITIALIZED_AUTOS = YES_AGGRESSIVE;
				GCC_WARN_UNUSED_FUNCTION = YES;
				GCC_WARN_UNUSED_VARIABLE = YES;
				IPHONEOS_DEPLOYMENT_TARGET = 16.0;
				MTL_ENABLE_DEBUG_INFO = NO;
				MTL_FAST_MATH = YES;
				SDKROOT = iphoneos;
				SWIFT_COMPILATION_MODE = wholemodule;
				SWIFT_OPTIMIZATION_LEVEL = "-O";
				VALIDATE_PRODUCT = YES;
			};
			name = Release;
		};
		029CFC8A2AE437E300F32BEB /* Debug */ = {
			isa = XCBuildConfiguration;
			buildSettings = {
				ASSETCATALOG_COMPILER_APPICON_NAME = AppIcon;
				ASSETCATALOG_COMPILER_GLOBAL_ACCENT_COLOR_NAME = AccentColor;
				CODE_SIGN_STYLE = Automatic;
				CURRENT_PROJECT_VERSION = 1;
				DEVELOPMENT_ASSET_PATHS = "\"MyFindMusic/Preview Content\"";
				ENABLE_PREVIEWS = YES;
				GENERATE_INFOPLIST_FILE = YES;
				INFOPLIST_FILE = MyFindMusic/Info.plist;
				INFOPLIST_KEY_NSLocationWhenInUseUsageDescription = "Tracking location";
				INFOPLIST_KEY_UIApplicationSceneManifest_Generation = YES;
				INFOPLIST_KEY_UIApplicationSupportsIndirectInputEvents = YES;
				INFOPLIST_KEY_UILaunchScreen_Generation = YES;
				INFOPLIST_KEY_UISupportedInterfaceOrientations_iPad = "UIInterfaceOrientationPortrait UIInterfaceOrientationPortraitUpsideDown UIInterfaceOrientationLandscapeLeft UIInterfaceOrientationLandscapeRight";
				INFOPLIST_KEY_UISupportedInterfaceOrientations_iPhone = "UIInterfaceOrientationPortrait UIInterfaceOrientationLandscapeLeft UIInterfaceOrientationLandscapeRight";
				LD_RUNPATH_SEARCH_PATHS = (
					"$(inherited)",
					"@executable_path/Frameworks",
				);
				MARKETING_VERSION = 1.0;
				PRODUCT_BUNDLE_IDENTIFIER = com.Anthony.MyFindMusic;
				PRODUCT_NAME = "$(TARGET_NAME)";
				SWIFT_EMIT_LOC_STRINGS = YES;
				SWIFT_VERSION = 5.0;
				TARGETED_DEVICE_FAMILY = "1,2";
			};
			name = Debug;
		};
		029CFC8B2AE437E300F32BEB /* Release */ = {
			isa = XCBuildConfiguration;
			buildSettings = {
				ASSETCATALOG_COMPILER_APPICON_NAME = AppIcon;
				ASSETCATALOG_COMPILER_GLOBAL_ACCENT_COLOR_NAME = AccentColor;
				CODE_SIGN_STYLE = Automatic;
				CURRENT_PROJECT_VERSION = 1;
				DEVELOPMENT_ASSET_PATHS = "\"MyFindMusic/Preview Content\"";
				ENABLE_PREVIEWS = YES;
				GENERATE_INFOPLIST_FILE = YES;
				INFOPLIST_FILE = MyFindMusic/Info.plist;
				INFOPLIST_KEY_NSLocationWhenInUseUsageDescription = "Tracking location";
				INFOPLIST_KEY_UIApplicationSceneManifest_Generation = YES;
				INFOPLIST_KEY_UIApplicationSupportsIndirectInputEvents = YES;
				INFOPLIST_KEY_UILaunchScreen_Generation = YES;
				INFOPLIST_KEY_UISupportedInterfaceOrientations_iPad = "UIInterfaceOrientationPortrait UIInterfaceOrientationPortraitUpsideDown UIInterfaceOrientationLandscapeLeft UIInterfaceOrientationLandscapeRight";
				INFOPLIST_KEY_UISupportedInterfaceOrientations_iPhone = "UIInterfaceOrientationPortrait UIInterfaceOrientationLandscapeLeft UIInterfaceOrientationLandscapeRight";
				LD_RUNPATH_SEARCH_PATHS = (
					"$(inherited)",
					"@executable_path/Frameworks",
				);
				MARKETING_VERSION = 1.0;
				PRODUCT_BUNDLE_IDENTIFIER = com.Anthony.MyFindMusic;
				PRODUCT_NAME = "$(TARGET_NAME)";
				SWIFT_EMIT_LOC_STRINGS = YES;
				SWIFT_VERSION = 5.0;
				TARGETED_DEVICE_FAMILY = "1,2";
			};
			name = Release;
		};
/* End XCBuildConfiguration section */

/* Begin XCConfigurationList section */
		029CFC762AE437E100F32BEB /* Build configuration list for PBXProject "MyFindMusic" */ = {
			isa = XCConfigurationList;
			buildConfigurations = (
				029CFC872AE437E300F32BEB /* Debug */,
				029CFC882AE437E300F32BEB /* Release */,
			);
			defaultConfigurationIsVisible = 0;
			defaultConfigurationName = Release;
		};
		029CFC892AE437E300F32BEB /* Build configuration list for PBXNativeTarget "MyFindMusic" */ = {
			isa = XCConfigurationList;
			buildConfigurations = (
				029CFC8A2AE437E300F32BEB /* Debug */,
				029CFC8B2AE437E300F32BEB /* Release */,
			);
			defaultConfigurationIsVisible = 0;
			defaultConfigurationName = Release;
		};
/* End XCConfigurationList section */

/* Begin XCRemoteSwiftPackageReference section */
		020A19D22AFAA08100C6FC9D /* XCRemoteSwiftPackageReference "firebase-ios-sdk" */ = {
			isa = XCRemoteSwiftPackageReference;
			repositoryURL = "https://github.com/firebase/firebase-ios-sdk";
			requirement = {
				kind = upToNextMajorVersion;
				minimumVersion = 10.17.0;
			};
		};
		025B367A2B164CAA005102B8 /* XCRemoteSwiftPackageReference "SpotifyAPI" */ = {
			isa = XCRemoteSwiftPackageReference;
			repositoryURL = "https://github.com/Peter-Schorn/SpotifyAPI";
			requirement = {
				kind = upToNextMajorVersion;
				minimumVersion = 2.2.4;
			};
		};
/* End XCRemoteSwiftPackageReference section */

/* Begin XCSwiftPackageProductDependency section */
		020A19D32AFAA08100C6FC9D /* FirebaseAnalytics */ = {
			isa = XCSwiftPackageProductDependency;
			package = 020A19D22AFAA08100C6FC9D /* XCRemoteSwiftPackageReference "firebase-ios-sdk" */;
			productName = FirebaseAnalytics;
		};
		020A19D52AFAA08100C6FC9D /* FirebaseAnalyticsOnDeviceConversion */ = {
			isa = XCSwiftPackageProductDependency;
			package = 020A19D22AFAA08100C6FC9D /* XCRemoteSwiftPackageReference "firebase-ios-sdk" */;
			productName = FirebaseAnalyticsOnDeviceConversion;
		};
		020A19D72AFAA08100C6FC9D /* FirebaseAnalyticsSwift */ = {
			isa = XCSwiftPackageProductDependency;
			package = 020A19D22AFAA08100C6FC9D /* XCRemoteSwiftPackageReference "firebase-ios-sdk" */;
			productName = FirebaseAnalyticsSwift;
		};
		020A19D92AFAA08100C6FC9D /* FirebaseAnalyticsWithoutAdIdSupport */ = {
			isa = XCSwiftPackageProductDependency;
			package = 020A19D22AFAA08100C6FC9D /* XCRemoteSwiftPackageReference "firebase-ios-sdk" */;
			productName = FirebaseAnalyticsWithoutAdIdSupport;
		};
		020A19DB2AFAA08100C6FC9D /* FirebaseAppCheck */ = {
			isa = XCSwiftPackageProductDependency;
			package = 020A19D22AFAA08100C6FC9D /* XCRemoteSwiftPackageReference "firebase-ios-sdk" */;
			productName = FirebaseAppCheck;
		};
		020A19DD2AFAA08100C6FC9D /* FirebaseAppDistribution-Beta */ = {
			isa = XCSwiftPackageProductDependency;
			package = 020A19D22AFAA08100C6FC9D /* XCRemoteSwiftPackageReference "firebase-ios-sdk" */;
			productName = "FirebaseAppDistribution-Beta";
		};
		020A19DF2AFAA08100C6FC9D /* FirebaseAuth */ = {
			isa = XCSwiftPackageProductDependency;
			package = 020A19D22AFAA08100C6FC9D /* XCRemoteSwiftPackageReference "firebase-ios-sdk" */;
			productName = FirebaseAuth;
		};
		020A19E12AFAA08100C6FC9D /* FirebaseAuthCombine-Community */ = {
			isa = XCSwiftPackageProductDependency;
			package = 020A19D22AFAA08100C6FC9D /* XCRemoteSwiftPackageReference "firebase-ios-sdk" */;
			productName = "FirebaseAuthCombine-Community";
		};
		020A19E32AFAA08100C6FC9D /* FirebaseCrashlytics */ = {
			isa = XCSwiftPackageProductDependency;
			package = 020A19D22AFAA08100C6FC9D /* XCRemoteSwiftPackageReference "firebase-ios-sdk" */;
			productName = FirebaseCrashlytics;
		};
		020A19E52AFAA08100C6FC9D /* FirebaseDatabase */ = {
			isa = XCSwiftPackageProductDependency;
			package = 020A19D22AFAA08100C6FC9D /* XCRemoteSwiftPackageReference "firebase-ios-sdk" */;
			productName = FirebaseDatabase;
		};
		020A19E72AFAA08100C6FC9D /* FirebaseDatabaseSwift */ = {
			isa = XCSwiftPackageProductDependency;
			package = 020A19D22AFAA08100C6FC9D /* XCRemoteSwiftPackageReference "firebase-ios-sdk" */;
			productName = FirebaseDatabaseSwift;
		};
		020A19E92AFAA08100C6FC9D /* FirebaseDynamicLinks */ = {
			isa = XCSwiftPackageProductDependency;
			package = 020A19D22AFAA08100C6FC9D /* XCRemoteSwiftPackageReference "firebase-ios-sdk" */;
			productName = FirebaseDynamicLinks;
		};
		020A19EB2AFAA08100C6FC9D /* FirebaseFirestore */ = {
			isa = XCSwiftPackageProductDependency;
			package = 020A19D22AFAA08100C6FC9D /* XCRemoteSwiftPackageReference "firebase-ios-sdk" */;
			productName = FirebaseFirestore;
		};
		020A19ED2AFAA08100C6FC9D /* FirebaseFirestoreCombine-Community */ = {
			isa = XCSwiftPackageProductDependency;
			package = 020A19D22AFAA08100C6FC9D /* XCRemoteSwiftPackageReference "firebase-ios-sdk" */;
			productName = "FirebaseFirestoreCombine-Community";
		};
		020A19EF2AFAA08100C6FC9D /* FirebaseFirestoreSwift */ = {
			isa = XCSwiftPackageProductDependency;
			package = 020A19D22AFAA08100C6FC9D /* XCRemoteSwiftPackageReference "firebase-ios-sdk" */;
			productName = FirebaseFirestoreSwift;
		};
		020A19F12AFAA08100C6FC9D /* FirebaseFunctions */ = {
			isa = XCSwiftPackageProductDependency;
			package = 020A19D22AFAA08100C6FC9D /* XCRemoteSwiftPackageReference "firebase-ios-sdk" */;
			productName = FirebaseFunctions;
		};
		020A19F32AFAA08100C6FC9D /* FirebaseFunctionsCombine-Community */ = {
			isa = XCSwiftPackageProductDependency;
			package = 020A19D22AFAA08100C6FC9D /* XCRemoteSwiftPackageReference "firebase-ios-sdk" */;
			productName = "FirebaseFunctionsCombine-Community";
		};
		020A19F52AFAA08100C6FC9D /* FirebaseInAppMessaging-Beta */ = {
			isa = XCSwiftPackageProductDependency;
			package = 020A19D22AFAA08100C6FC9D /* XCRemoteSwiftPackageReference "firebase-ios-sdk" */;
			productName = "FirebaseInAppMessaging-Beta";
		};
		020A19F72AFAA08100C6FC9D /* FirebaseInAppMessagingSwift-Beta */ = {
			isa = XCSwiftPackageProductDependency;
			package = 020A19D22AFAA08100C6FC9D /* XCRemoteSwiftPackageReference "firebase-ios-sdk" */;
			productName = "FirebaseInAppMessagingSwift-Beta";
		};
		020A19F92AFAA08100C6FC9D /* FirebaseInstallations */ = {
			isa = XCSwiftPackageProductDependency;
			package = 020A19D22AFAA08100C6FC9D /* XCRemoteSwiftPackageReference "firebase-ios-sdk" */;
			productName = FirebaseInstallations;
		};
		020A19FB2AFAA08100C6FC9D /* FirebaseMLModelDownloader */ = {
			isa = XCSwiftPackageProductDependency;
			package = 020A19D22AFAA08100C6FC9D /* XCRemoteSwiftPackageReference "firebase-ios-sdk" */;
			productName = FirebaseMLModelDownloader;
		};
		020A19FD2AFAA08100C6FC9D /* FirebaseMessaging */ = {
			isa = XCSwiftPackageProductDependency;
			package = 020A19D22AFAA08100C6FC9D /* XCRemoteSwiftPackageReference "firebase-ios-sdk" */;
			productName = FirebaseMessaging;
		};
		020A19FF2AFAA08100C6FC9D /* FirebasePerformance */ = {
			isa = XCSwiftPackageProductDependency;
			package = 020A19D22AFAA08100C6FC9D /* XCRemoteSwiftPackageReference "firebase-ios-sdk" */;
			productName = FirebasePerformance;
		};
		020A1A012AFAA08100C6FC9D /* FirebaseRemoteConfig */ = {
			isa = XCSwiftPackageProductDependency;
			package = 020A19D22AFAA08100C6FC9D /* XCRemoteSwiftPackageReference "firebase-ios-sdk" */;
			productName = FirebaseRemoteConfig;
		};
		020A1A032AFAA08100C6FC9D /* FirebaseRemoteConfigSwift */ = {
			isa = XCSwiftPackageProductDependency;
			package = 020A19D22AFAA08100C6FC9D /* XCRemoteSwiftPackageReference "firebase-ios-sdk" */;
			productName = FirebaseRemoteConfigSwift;
		};
		020A1A052AFAA08100C6FC9D /* FirebaseStorage */ = {
			isa = XCSwiftPackageProductDependency;
			package = 020A19D22AFAA08100C6FC9D /* XCRemoteSwiftPackageReference "firebase-ios-sdk" */;
			productName = FirebaseStorage;
		};
		020A1A072AFAA08100C6FC9D /* FirebaseStorageCombine-Community */ = {
			isa = XCSwiftPackageProductDependency;
			package = 020A19D22AFAA08100C6FC9D /* XCRemoteSwiftPackageReference "firebase-ios-sdk" */;
			productName = "FirebaseStorageCombine-Community";
		};
		025B367B2B164CAA005102B8 /* SpotifyAPI */ = {
			isa = XCSwiftPackageProductDependency;
			package = 025B367A2B164CAA005102B8 /* XCRemoteSwiftPackageReference "SpotifyAPI" */;
			productName = SpotifyAPI;
		};
/* End XCSwiftPackageProductDependency section */
	};
	rootObject = 029CFC732AE437E100F32BEB /* Project object */;
}
